<Solution>
  <Folder Name="/src/">
    <Project Path="src/ReliableOrders.Domain/ReliableOrders.Domain.csproj" />
    <Project Path="src/ReliableOrders.Api/ReliableOrders.Api.csproj" />
    <Project Path="src/ReliableOrders.Application/ReliableOrders.Application.csproj" />
    <Project Path="src/ReliableOrders.Infrastructure/ReliableOrders.Infrastructure.csproj" />
  </Folder>  
  <Folder Name="/tests/">
    <Project Path="tests/ReliableOrders.Application.Tests/ReliableOrders.Application.Tests.csproj" />
    <Project Path="tests/ReliableOrders.Domain.Tests/ReliableOrders.Domain.Tests.csproj" />
  </Folder>
</Solution>
